
Microsoft Visual Studio Solution File, Format Version 12.00
Project("{FAE04EC0-301F-11D3-BF4B-00C04F79EFBC}") = "csharp-project", "csharp-project.csproj", "{D9B5C0C1-8DB4-46B1-987B-3144B775AD03}"
EndProject
Global
	GlobalSection(SolutionConfigurationPlatforms) = preSolution
		Debug|Any CPU = Debug|Any CPU
		Release|Any CPU = Release|Any CPU
	EndGlobalSection
	GlobalSection(ProjectConfigurationPlatforms) = postSolution
		{D9B5C0C1-8DB4-46B1-987B-3144B775AD03}.Debug|Any CPU.ActiveCfg = Debug|Any CPU
		{D9B5C0C1-8DB4-46B1-987B-3144B775AD03}.Debug|Any CPU.Build.0 = Debug|Any CPU
		{D9B5C0C1-8DB4-46B1-987B-3144B775AD03}.Release|Any CPU.ActiveCfg = Release|Any CPU
		{D9B5C0C1-8DB4-46B1-987B-3144B775AD03}.Release|Any CPU.Build.0 = Release|Any CPU
	EndGlobalSection
EndGlobal
